
Microsoft Visual Studio Solution File, Format Version 12.00
# Visual Studio Version 17
VisualStudioVersion = 17.11.35222.181
MinimumVisualStudioVersion = 10.0.40219.1
Project("{FAE04EC0-301F-11D3-BF4B-00C04F79EFBC}") = "BookAuthor", "BookAuthor.csproj", "{A28D1892-3DE7-4E23-BF5D-C13BD1F9C676}"
EndProject
Global
	GlobalSection(SolutionConfigurationPlatforms) = preSolution
		Debug|Any CPU = Debug|Any CPU
		Release|Any CPU = Release|Any CPU
	EndGlobalSection
	GlobalSection(ProjectConfigurationPlatforms) = postSolution
		{A28D1892-3DE7-4E23-BF5D-C13BD1F9C676}.Debug|Any CPU.ActiveCfg = Debug|Any CPU
		{A28D1892-3DE7-4E23-BF5D-C13BD1F9C676}.Debug|Any CPU.Build.0 = Debug|Any CPU
		{A28D1892-3DE7-4E23-BF5D-C13BD1F9C676}.Release|Any CPU.ActiveCfg = Release|Any CPU
		{A28D1892-3DE7-4E23-BF5D-C13BD1F9C676}.Release|Any CPU.Build.0 = Release|Any CPU
	EndGlobalSection
	GlobalSection(SolutionProperties) = preSolution
		HideSolutionNode = FALSE
	EndGlobalSection
	GlobalSection(ExtensibilityGlobals) = postSolution
		SolutionGuid = {C1D91857-A605-4460-ABEE-E8B866674FE8}
	EndGlobalSection
EndGlobal
